{
  "object": {
    "pins": [
      {
        "package": "MapboxCommon",
        "repositoryURL": "https://github.com/mapbox/mapbox-common-ios.git",
        "state": {
          "branch": null,
          "revision": "6f8d52b38f8eda29086cebf0772f53f96e952d5d",
          "version": "15.0.0"
        }
      },
      {
        "package": "MapboxCoreMaps",
        "repositoryURL": "https://github.com/mapbox/mapbox-core-maps-ios.git",
        "state": {
          "branch": null,
          "revision": "9d38bf61a430d6068407bba71fee6bcfb4d07a1d",
          "version": "10.0.0-rc.4"
        }
      },
      {
        "package": "MapboxMobileEvents",
        "repositoryURL": "https://github.com/mapbox/mapbox-events-ios.git",
        "state": {
          "branch": null,
          "revision": "8e0c725271dee0a0c957b9b9738aef81b601f12b",
          "version": "1.0.2"
        }
      },
      {
        "package": "MapboxMaps",
        "repositoryURL": "https://github.com/mapbox/mapbox-maps-ios.git",
        "state": {
          "branch": null,
          "revision": "e90e894ac3d3fec8767dc6ee7e636c839c06d2d0",
          "version": "10.0.0-rc.4"
        }
      },
      {
        "package": "SwiftyIOSViewExtensions",
        "repositoryURL": "https://github.com/mr-elbe5/SwiftyIOSViewExtensions",
        "state": {
          "branch": null,
          "revision": "21c93cebdca0b2444eff6216fa56f7f79cc7cfbb",
          "version": "1.0.2"
        }
      },
      {
        "package": "Turf",
        "repositoryURL": "https://github.com/mapbox/turf-swift.git",
        "state": {
          "branch": null,
          "revision": "e460a117d2ac6b7a79a68c83ed75cb9a8acaeb6c",
          "version": "2.0.0-beta.1"
        }
      },
      {
        "package": "Zip",
        "repositoryURL": "https://github.com/marmelroy/Zip.git",
        "state": {
          "branch": null,
          "revision": "80b1c3005ee25b4c7ce46c4029ac3347e8d5e37e",
          "version": "2.0.0"
        }
      }
    ]
  },
  "version": 1
}
