// !$*UTF8*$!
{
	archiveVersion = 1;
	classes = {
	};
	objectVersion = 52;
	objects = {

/* Begin PBXBuildFile section */
		4E0018AE27B67FB7005AA1A3 /* ImageItemData.swift in Sources */ = {isa = PBXBuildFile; fileRef = 4E0018AD27B67FB7005AA1A3 /* ImageItemData.swift */; };
		4E0018B027B6831A005AA1A3 /* ImageItemView.swift in Sources */ = {isa = PBXBuildFile; fileRef = 4E0018AF27B6831A005AA1A3 /* ImageItemView.swift */; };
		4E080D842508C2F0006DF6E9 /* Zip in Frameworks */ = {isa = PBXBuildFile; productRef = 4E080D832508C2F0006DF6E9 /* Zip */; };
		4E14579F24E1C214008EC422 /* InfoPlist.strings in Resources */ = {isa = PBXBuildFile; fileRef = 4E1457A124E1C214008EC422 /* InfoPlist.strings */; };
		4E24FC902501632700BCE81B /* README.md in Resources */ = {isa = PBXBuildFile; fileRef = 4E24FC8F2501632700BCE81B /* README.md */; };
		4E24FC93250164DA00BCE81B /* AppInfoViewController.swift in Sources */ = {isa = PBXBuildFile; fileRef = 4E24FC92250164DA00BCE81B /* AppInfoViewController.swift */; };
		4E3AA21F27A695CF00ED14A2 /* UITextView.swift in Sources */ = {isa = PBXBuildFile; fileRef = 4E3AA20A27A695CE00ED14A2 /* UITextView.swift */; };
		4E3AA22027A695CF00ED14A2 /* CGRect.swift in Sources */ = {isa = PBXBuildFile; fileRef = 4E3AA20B27A695CE00ED14A2 /* CGRect.swift */; };
		4E3AA22127A695CF00ED14A2 /* CLLocation.swift in Sources */ = {isa = PBXBuildFile; fileRef = 4E3AA20C27A695CE00ED14A2 /* CLLocation.swift */; };
		4E3AA22227A695CF00ED14A2 /* CGSize.swift in Sources */ = {isa = PBXBuildFile; fileRef = 4E3AA20D27A695CE00ED14A2 /* CGSize.swift */; };
		4E3AA22327A695CF00ED14A2 /* UILabel.swift in Sources */ = {isa = PBXBuildFile; fileRef = 4E3AA20E27A695CE00ED14A2 /* UILabel.swift */; };
		4E3AA22427A695CF00ED14A2 /* TimeInterval.swift in Sources */ = {isa = PBXBuildFile; fileRef = 4E3AA20F27A695CE00ED14A2 /* TimeInterval.swift */; };
		4E3AA22527A695CF00ED14A2 /* UITextField.swift in Sources */ = {isa = PBXBuildFile; fileRef = 4E3AA21027A695CE00ED14A2 /* UITextField.swift */; };
		4E3AA22627A695CF00ED14A2 /* NSLock.swift in Sources */ = {isa = PBXBuildFile; fileRef = 4E3AA21127A695CE00ED14A2 /* NSLock.swift */; };
		4E3AA22727A695CF00ED14A2 /* String.swift in Sources */ = {isa = PBXBuildFile; fileRef = 4E3AA21227A695CF00ED14A2 /* String.swift */; };
		4E3AA22827A695CF00ED14A2 /* UIImage.swift in Sources */ = {isa = PBXBuildFile; fileRef = 4E3AA21327A695CF00ED14A2 /* UIImage.swift */; };
		4E3AA22927A695CF00ED14A2 /* UIScrollView.swift in Sources */ = {isa = PBXBuildFile; fileRef = 4E3AA21427A695CF00ED14A2 /* UIScrollView.swift */; };
		4E3AA22B27A695CF00ED14A2 /* CLLocationCoordinate2D.swift in Sources */ = {isa = PBXBuildFile; fileRef = 4E3AA21627A695CF00ED14A2 /* CLLocationCoordinate2D.swift */; };
		4E3AA22C27A695CF00ED14A2 /* Date.swift in Sources */ = {isa = PBXBuildFile; fileRef = 4E3AA21727A695CF00ED14A2 /* Date.swift */; };
		4E3AA22D27A695CF00ED14A2 /* UIButton.swift in Sources */ = {isa = PBXBuildFile; fileRef = 4E3AA21827A695CF00ED14A2 /* UIButton.swift */; };
		4E3AA22E27A695CF00ED14A2 /* UIImageView.swift in Sources */ = {isa = PBXBuildFile; fileRef = 4E3AA21927A695CF00ED14A2 /* UIImageView.swift */; };
		4E3AA22F27A695CF00ED14A2 /* UIStackView.swift in Sources */ = {isa = PBXBuildFile; fileRef = 4E3AA21A27A695CF00ED14A2 /* UIStackView.swift */; };
		4E3AA23027A695CF00ED14A2 /* UIView.swift in Sources */ = {isa = PBXBuildFile; fileRef = 4E3AA21B27A695CF00ED14A2 /* UIView.swift */; };
		4E3AA23127A695CF00ED14A2 /* UIViewController.swift in Sources */ = {isa = PBXBuildFile; fileRef = 4E3AA21C27A695CF00ED14A2 /* UIViewController.swift */; };
		4E3AA23227A695CF00ED14A2 /* Codable.swift in Sources */ = {isa = PBXBuildFile; fileRef = 4E3AA21D27A695CF00ED14A2 /* Codable.swift */; };
		4E3AA23327A695CF00ED14A2 /* URL.swift in Sources */ = {isa = PBXBuildFile; fileRef = 4E3AA21E27A695CF00ED14A2 /* URL.swift */; };
		4E3AA23627A69D5600ED14A2 /* Dictionary.swift in Sources */ = {isa = PBXBuildFile; fileRef = 4E3AA23427A69D5600ED14A2 /* Dictionary.swift */; };
		4E3AA23727A69D5600ED14A2 /* Array.swift in Sources */ = {isa = PBXBuildFile; fileRef = 4E3AA23527A69D5600ED14A2 /* Array.swift */; };
		4E3C5AD224FD00E600E11A35 /* LocationError.swift in Sources */ = {isa = PBXBuildFile; fileRef = 4E3C5AD124FD00E600E11A35 /* LocationError.swift */; };
		4E3C84B027A3F28600658718 /* MapType.swift in Sources */ = {isa = PBXBuildFile; fileRef = 4E3C84AF27A3F28600658718 /* MapType.swift */; };
		4E497EB825066FC300E94CBD /* Indicator.swift in Sources */ = {isa = PBXBuildFile; fileRef = 4E497EB725066FC300E94CBD /* Indicator.swift */; };
		4E4F41E127AFD5320068D241 /* PreviewContainer.swift in Sources */ = {isa = PBXBuildFile; fileRef = 4E4F41E027AFD5320068D241 /* PreviewContainer.swift */; };
		4E4F41E327B3EADF0068D241 /* UIViewController+MediaDelegate.swift in Sources */ = {isa = PBXBuildFile; fileRef = 4E4F41E227B3EADF0068D241 /* UIViewController+MediaDelegate.swift */; };
		4E8BD84C27AC074E005C072A /* CreateQuickEntryView.swift in Sources */ = {isa = PBXBuildFile; fileRef = 4E8BD84A27AC074E005C072A /* CreateQuickEntryView.swift */; };
		4E8BD84D27AC074E005C072A /* TimelineHeaderView.swift in Sources */ = {isa = PBXBuildFile; fileRef = 4E8BD84B27AC074E005C072A /* TimelineHeaderView.swift */; };
		4E90CA70249532EB0029E308 /* Localizable.strings in Resources */ = {isa = PBXBuildFile; fileRef = 4E90CA72249532EB0029E308 /* Localizable.strings */; };
		4EC869AE27A14E74000F0583 /* SwitchIcon.swift in Sources */ = {isa = PBXBuildFile; fileRef = 4EC869AD27A14E74000F0583 /* SwitchIcon.swift */; };
		4ED21B7924FAA17200A6FEA3 /* DataController.swift in Sources */ = {isa = PBXBuildFile; fileRef = 4ED21B7724FAA17200A6FEA3 /* DataController.swift */; };
		4ED21B7A24FAA17200A6FEA3 /* FileController.swift in Sources */ = {isa = PBXBuildFile; fileRef = 4ED21B7824FAA17200A6FEA3 /* FileController.swift */; };
		4ED21B7F24FAA20F00A6FEA3 /* LocationService.swift in Sources */ = {isa = PBXBuildFile; fileRef = 4ED21B7D24FAA20F00A6FEA3 /* LocationService.swift */; };
		4ED21B9924FAA29F00A6FEA3 /* ViewController.swift in Sources */ = {isa = PBXBuildFile; fileRef = 4ED21B9024FAA29F00A6FEA3 /* ViewController.swift */; };
		4ED21B9A24FAA29F00A6FEA3 /* ModalViewController.swift in Sources */ = {isa = PBXBuildFile; fileRef = 4ED21B9124FAA29F00A6FEA3 /* ModalViewController.swift */; };
		4ED21B9B24FAA29F00A6FEA3 /* InfoViewController.swift in Sources */ = {isa = PBXBuildFile; fileRef = 4ED21B9224FAA29F00A6FEA3 /* InfoViewController.swift */; };
		4ED21B9D24FAA29F00A6FEA3 /* ModalScrollViewController.swift in Sources */ = {isa = PBXBuildFile; fileRef = 4ED21B9424FAA29F00A6FEA3 /* ModalScrollViewController.swift */; };
		4ED21B9E24FAA29F00A6FEA3 /* ImageViewController.swift in Sources */ = {isa = PBXBuildFile; fileRef = 4ED21B9524FAA29F00A6FEA3 /* ImageViewController.swift */; };
		4ED21B9F24FAA29F00A6FEA3 /* ScrollViewController.swift in Sources */ = {isa = PBXBuildFile; fileRef = 4ED21B9624FAA29F00A6FEA3 /* ScrollViewController.swift */; };
		4ED21BA024FAA29F00A6FEA3 /* EditViewController.swift in Sources */ = {isa = PBXBuildFile; fileRef = 4ED21B9724FAA29F00A6FEA3 /* EditViewController.swift */; };
		4ED21BA124FAA29F00A6FEA3 /* TableViewController.swift in Sources */ = {isa = PBXBuildFile; fileRef = 4ED21B9824FAA29F00A6FEA3 /* TableViewController.swift */; };
		4ED21BAF24FAA32500A6FEA3 /* GlobalData.swift in Sources */ = {isa = PBXBuildFile; fileRef = 4ED21BA324FAA32400A6FEA3 /* GlobalData.swift */; };
		4ED21BB024FAA32500A6FEA3 /* PhotoItemData.swift in Sources */ = {isa = PBXBuildFile; fileRef = 4ED21BA424FAA32400A6FEA3 /* PhotoItemData.swift */; };
		4ED21BB124FAA32500A6FEA3 /* TextItemData.swift in Sources */ = {isa = PBXBuildFile; fileRef = 4ED21BA524FAA32400A6FEA3 /* TextItemData.swift */; };
		4ED21BB224FAA32500A6FEA3 /* TimeSpanData.swift in Sources */ = {isa = PBXBuildFile; fileRef = 4ED21BA624FAA32400A6FEA3 /* TimeSpanData.swift */; };
		4ED21BB324FAA32500A6FEA3 /* VideoItemData.swift in Sources */ = {isa = PBXBuildFile; fileRef = 4ED21BA724FAA32400A6FEA3 /* VideoItemData.swift */; };
		4ED21BB424FAA32500A6FEA3 /* DayData.swift in Sources */ = {isa = PBXBuildFile; fileRef = 4ED21BA824FAA32400A6FEA3 /* DayData.swift */; };
		4ED21BB524FAA32500A6FEA3 /* AudioData.swift in Sources */ = {isa = PBXBuildFile; fileRef = 4ED21BA924FAA32400A6FEA3 /* AudioData.swift */; };
		4ED21BB624FAA32500A6FEA3 /* FileEntryItemData.swift in Sources */ = {isa = PBXBuildFile; fileRef = 4ED21BAA24FAA32400A6FEA3 /* FileEntryItemData.swift */; };
		4ED21BB724FAA32500A6FEA3 /* EntryData.swift in Sources */ = {isa = PBXBuildFile; fileRef = 4ED21BAB24FAA32400A6FEA3 /* EntryData.swift */; };
		4ED21BB924FAA32500A6FEA3 /* Location.swift in Sources */ = {isa = PBXBuildFile; fileRef = 4ED21BAD24FAA32400A6FEA3 /* Location.swift */; };
		4ED21BBA24FAA32500A6FEA3 /* EntryItemData.swift in Sources */ = {isa = PBXBuildFile; fileRef = 4ED21BAE24FAA32500A6FEA3 /* EntryItemData.swift */; };
		4ED21BC124FAA36000A6FEA3 /* MKMapView.swift in Sources */ = {isa = PBXBuildFile; fileRef = 4ED21BBB24FAA36000A6FEA3 /* MKMapView.swift */; };
		4ED21BCB24FAA36C00A6FEA3 /* MainTabController.swift in Sources */ = {isa = PBXBuildFile; fileRef = 4ED21BC724FAA36C00A6FEA3 /* MainTabController.swift */; };
		4ED21BCC24FAA36C00A6FEA3 /* SceneDelegate.swift in Sources */ = {isa = PBXBuildFile; fileRef = 4ED21BC824FAA36C00A6FEA3 /* SceneDelegate.swift */; };
		4ED21BCD24FAA36C00A6FEA3 /* Settings.swift in Sources */ = {isa = PBXBuildFile; fileRef = 4ED21BC924FAA36C00A6FEA3 /* Settings.swift */; };
		4ED21BCE24FAA36C00A6FEA3 /* AppDelegate.swift in Sources */ = {isa = PBXBuildFile; fileRef = 4ED21BCA24FAA36C00A6FEA3 /* AppDelegate.swift */; };
		4ED21BE324FAA39300A6FEA3 /* DatePickerView.swift in Sources */ = {isa = PBXBuildFile; fileRef = 4ED21BCF24FAA39300A6FEA3 /* DatePickerView.swift */; };
		4ED21BE424FAA39300A6FEA3 /* IconButton.swift in Sources */ = {isa = PBXBuildFile; fileRef = 4ED21BD024FAA39300A6FEA3 /* IconButton.swift */; };
		4ED21BE624FAA39300A6FEA3 /* InfoHeader.swift in Sources */ = {isa = PBXBuildFile; fileRef = 4ED21BD224FAA39300A6FEA3 /* InfoHeader.swift */; };
		4ED21BE724FAA39300A6FEA3 /* TextButton.swift in Sources */ = {isa = PBXBuildFile; fileRef = 4ED21BD324FAA39300A6FEA3 /* TextButton.swift */; };
		4ED21BE924FAA39300A6FEA3 /* ButtonStackView.swift in Sources */ = {isa = PBXBuildFile; fileRef = 4ED21BD524FAA39300A6FEA3 /* ButtonStackView.swift */; };
		4ED21BF024FAA39300A6FEA3 /* TextEditArea.swift in Sources */ = {isa = PBXBuildFile; fileRef = 4ED21BDC24FAA39300A6FEA3 /* TextEditArea.swift */; };
		4ED21BF224FAA39300A6FEA3 /* InfoText.swift in Sources */ = {isa = PBXBuildFile; fileRef = 4ED21BDE24FAA39300A6FEA3 /* InfoText.swift */; };
		4ED21BF324FAA39300A6FEA3 /* SwitchView.swift in Sources */ = {isa = PBXBuildFile; fileRef = 4ED21BDF24FAA39300A6FEA3 /* SwitchView.swift */; };
		4ED21BF424FAA39300A6FEA3 /* IconInfoText.swift in Sources */ = {isa = PBXBuildFile; fileRef = 4ED21BE024FAA39300A6FEA3 /* IconInfoText.swift */; };
		4ED21BF524FAA39300A6FEA3 /* TextEditLine.swift in Sources */ = {isa = PBXBuildFile; fileRef = 4ED21BE124FAA39300A6FEA3 /* TextEditLine.swift */; };
		4ED21BFE24FAA39E00A6FEA3 /* EntryViewController.swift in Sources */ = {isa = PBXBuildFile; fileRef = 4ED21BF724FAA39E00A6FEA3 /* EntryViewController.swift */; };
		4ED21C0024FAA39E00A6FEA3 /* AudioItemView.swift in Sources */ = {isa = PBXBuildFile; fileRef = 4ED21BF924FAA39E00A6FEA3 /* AudioItemView.swift */; };
		4ED21C0124FAA39E00A6FEA3 /* VideoItemView.swift in Sources */ = {isa = PBXBuildFile; fileRef = 4ED21BFA24FAA39E00A6FEA3 /* VideoItemView.swift */; };
		4ED21C0324FAA39E00A6FEA3 /* TextItemView.swift in Sources */ = {isa = PBXBuildFile; fileRef = 4ED21BFC24FAA39E00A6FEA3 /* TextItemView.swift */; };
		4ED21C0424FAA39E00A6FEA3 /* EntryItemView.swift in Sources */ = {isa = PBXBuildFile; fileRef = 4ED21BFD24FAA39E00A6FEA3 /* EntryItemView.swift */; };
		4ED21C0B24FAA3B900A6FEA3 /* TimelineInfoViewController.swift in Sources */ = {isa = PBXBuildFile; fileRef = 4ED21C0524FAA3B900A6FEA3 /* TimelineInfoViewController.swift */; };
		4ED21C0C24FAA3B900A6FEA3 /* EditEntryViewController.swift in Sources */ = {isa = PBXBuildFile; fileRef = 4ED21C0624FAA3B900A6FEA3 /* EditEntryViewController.swift */; };
		4ED21C0D24FAA3B900A6FEA3 /* TimelineViewController.swift in Sources */ = {isa = PBXBuildFile; fileRef = 4ED21C0724FAA3B900A6FEA3 /* TimelineViewController.swift */; };
		4ED21C0E24FAA3B900A6FEA3 /* TimelineSectionHeader.swift in Sources */ = {isa = PBXBuildFile; fileRef = 4ED21C0824FAA3B900A6FEA3 /* TimelineSectionHeader.swift */; };
		4ED21C0F24FAA3B900A6FEA3 /* TimelineEntryCell.swift in Sources */ = {isa = PBXBuildFile; fileRef = 4ED21C0924FAA3B900A6FEA3 /* TimelineEntryCell.swift */; };
		4ED21C1024FAA3B900A6FEA3 /* EditEntryInfoViewController.swift in Sources */ = {isa = PBXBuildFile; fileRef = 4ED21C0A24FAA3B900A6FEA3 /* EditEntryInfoViewController.swift */; };
		4ED21C1324FAA3D000A6FEA3 /* MapInfoViewController.swift in Sources */ = {isa = PBXBuildFile; fileRef = 4ED21C1124FAA3D000A6FEA3 /* MapInfoViewController.swift */; };
		4ED21C1424FAA3D000A6FEA3 /* MapViewController.swift in Sources */ = {isa = PBXBuildFile; fileRef = 4ED21C1224FAA3D000A6FEA3 /* MapViewController.swift */; };
		4ED21C2924FAA47500A6FEA3 /* SettingsInfoViewController.swift in Sources */ = {isa = PBXBuildFile; fileRef = 4ED21C2324FAA47400A6FEA3 /* SettingsInfoViewController.swift */; };
		4ED21C2A24FAA47500A6FEA3 /* SettingsViewController.swift in Sources */ = {isa = PBXBuildFile; fileRef = 4ED21C2424FAA47400A6FEA3 /* SettingsViewController.swift */; };
		4ED21C2B24FAA47500A6FEA3 /* BackupInfoViewController.swift in Sources */ = {isa = PBXBuildFile; fileRef = 4ED21C2524FAA47400A6FEA3 /* BackupInfoViewController.swift */; };
		4ED21C2C24FAA47500A6FEA3 /* RestoreInfoViewController.swift in Sources */ = {isa = PBXBuildFile; fileRef = 4ED21C2624FAA47400A6FEA3 /* RestoreInfoViewController.swift */; };
		4ED21C2D24FAA47500A6FEA3 /* BackupViewController.swift in Sources */ = {isa = PBXBuildFile; fileRef = 4ED21C2724FAA47400A6FEA3 /* BackupViewController.swift */; };
		4ED21C2E24FAA47500A6FEA3 /* RestoreViewController.swift in Sources */ = {isa = PBXBuildFile; fileRef = 4ED21C2824FAA47400A6FEA3 /* RestoreViewController.swift */; };
		4ED21C3824FAA96600A6FEA3 /* Statics.swift in Sources */ = {isa = PBXBuildFile; fileRef = 4ED21C3724FAA96600A6FEA3 /* Statics.swift */; };
		4ED21C4724FAAC6E00A6FEA3 /* CaptureButton.swift in Sources */ = {isa = PBXBuildFile; fileRef = 4ED21C3924FAAC6D00A6FEA3 /* CaptureButton.swift */; };
		4ED21C4824FAAC6E00A6FEA3 /* AudioPlayerView.swift in Sources */ = {isa = PBXBuildFile; fileRef = 4ED21C3A24FAAC6D00A6FEA3 /* AudioPlayerView.swift */; };
		4ED21C4924FAAC6E00A6FEA3 /* VideoCaptureViewController.swift in Sources */ = {isa = PBXBuildFile; fileRef = 4ED21C3B24FAAC6D00A6FEA3 /* VideoCaptureViewController.swift */; };
		4ED21C4A24FAAC6E00A6FEA3 /* AudioRecorderView.swift in Sources */ = {isa = PBXBuildFile; fileRef = 4ED21C3C24FAAC6D00A6FEA3 /* AudioRecorderView.swift */; };
		4ED21C4B24FAAC6E00A6FEA3 /* AVCaptureDevice.swift in Sources */ = {isa = PBXBuildFile; fileRef = 4ED21C3D24FAAC6E00A6FEA3 /* AVCaptureDevice.swift */; };
		4ED21C4C24FAAC6E00A6FEA3 /* VideoViewController.swift in Sources */ = {isa = PBXBuildFile; fileRef = 4ED21C3E24FAAC6E00A6FEA3 /* VideoViewController.swift */; };
		4ED21C4D24FAAC6E00A6FEA3 /* CameraViewController.swift in Sources */ = {isa = PBXBuildFile; fileRef = 4ED21C3F24FAAC6E00A6FEA3 /* CameraViewController.swift */; };
		4ED21C4E24FAAC6E00A6FEA3 /* MediaCommentLabel.swift in Sources */ = {isa = PBXBuildFile; fileRef = 4ED21C4024FAAC6E00A6FEA3 /* MediaCommentLabel.swift */; };
		4ED21C4F24FAAC6E00A6FEA3 /* VideoPlayerView.swift in Sources */ = {isa = PBXBuildFile; fileRef = 4ED21C4124FAAC6E00A6FEA3 /* VideoPlayerView.swift */; };
		4ED21C5024FAAC6E00A6FEA3 /* AVCaptureVideoOrientation.swift in Sources */ = {isa = PBXBuildFile; fileRef = 4ED21C4224FAAC6E00A6FEA3 /* AVCaptureVideoOrientation.swift */; };
		4ED21C5124FAAC6E00A6FEA3 /* PhotoCaptureViewController.swift in Sources */ = {isa = PBXBuildFile; fileRef = 4ED21C4324FAAC6E00A6FEA3 /* PhotoCaptureViewController.swift */; };
		4ED21C5324FAAC6E00A6FEA3 /* EntryAnnotation.swift in Sources */ = {isa = PBXBuildFile; fileRef = 4ED21C4524FAAC6E00A6FEA3 /* EntryAnnotation.swift */; };
		4EDA9EE527A6A9ED003F06F3 /* LabeledText.swift in Sources */ = {isa = PBXBuildFile; fileRef = 4EDA9EE427A6A9ED003F06F3 /* LabeledText.swift */; };
		4EDB3BD5279FFE7700C3F361 /* Insets.swift in Sources */ = {isa = PBXBuildFile; fileRef = 4EDB3BD4279FFE7700C3F361 /* Insets.swift */; };
		4EFDFF4624952F54001EB7C3 /* Assets.xcassets in Resources */ = {isa = PBXBuildFile; fileRef = 4EFDFF4524952F54001EB7C3 /* Assets.xcassets */; };
		4EFDFF4924952F54001EB7C3 /* LaunchScreen.storyboard in Resources */ = {isa = PBXBuildFile; fileRef = 4EFDFF4724952F54001EB7C3 /* LaunchScreen.storyboard */; };
		4EFE4F60250A23CB003B2D1E /* AuthorizationError.swift in Sources */ = {isa = PBXBuildFile; fileRef = 4EFE4F5F250A23CB003B2D1E /* AuthorizationError.swift */; };
		4EFE4F62250A3ED2003B2D1E /* MapError.swift in Sources */ = {isa = PBXBuildFile; fileRef = 4EFE4F61250A3ED2003B2D1E /* MapError.swift */; };
/* End PBXBuildFile section */

/* Begin PBXFileReference section */
		4E0018AD27B67FB7005AA1A3 /* ImageItemData.swift */ = {isa = PBXFileReference; lastKnownFileType = sourcecode.swift; path = ImageItemData.swift; sourceTree = "<group>"; };
		4E0018AF27B6831A005AA1A3 /* ImageItemView.swift */ = {isa = PBXFileReference; lastKnownFileType = sourcecode.swift; path = ImageItemView.swift; sourceTree = "<group>"; };
		4E1457A024E1C214008EC422 /* en */ = {isa = PBXFileReference; lastKnownFileType = text.plist.strings; name = en; path = en.lproj/InfoPlist.strings; sourceTree = "<group>"; };
		4E1457A224E1C217008EC422 /* de */ = {isa = PBXFileReference; lastKnownFileType = text.plist.strings; name = de; path = de.lproj/InfoPlist.strings; sourceTree = "<group>"; };
		4E24FC8F2501632700BCE81B /* README.md */ = {isa = PBXFileReference; fileEncoding = 4; lastKnownFileType = net.daringfireball.markdown; path = README.md; sourceTree = "<group>"; };
		4E24FC92250164DA00BCE81B /* AppInfoViewController.swift */ = {isa = PBXFileReference; lastKnownFileType = sourcecode.swift; path = AppInfoViewController.swift; sourceTree = "<group>"; };
		4E3AA20A27A695CE00ED14A2 /* UITextView.swift */ = {isa = PBXFileReference; fileEncoding = 4; lastKnownFileType = sourcecode.swift; path = UITextView.swift; sourceTree = "<group>"; };
		4E3AA20B27A695CE00ED14A2 /* CGRect.swift */ = {isa = PBXFileReference; fileEncoding = 4; lastKnownFileType = sourcecode.swift; path = CGRect.swift; sourceTree = "<group>"; };
		4E3AA20C27A695CE00ED14A2 /* CLLocation.swift */ = {isa = PBXFileReference; fileEncoding = 4; lastKnownFileType = sourcecode.swift; path = CLLocation.swift; sourceTree = "<group>"; };
		4E3AA20D27A695CE00ED14A2 /* CGSize.swift */ = {isa = PBXFileReference; fileEncoding = 4; lastKnownFileType = sourcecode.swift; path = CGSize.swift; sourceTree = "<group>"; };
		4E3AA20E27A695CE00ED14A2 /* UILabel.swift */ = {isa = PBXFileReference; fileEncoding = 4; lastKnownFileType = sourcecode.swift; path = UILabel.swift; sourceTree = "<group>"; };
		4E3AA20F27A695CE00ED14A2 /* TimeInterval.swift */ = {isa = PBXFileReference; fileEncoding = 4; lastKnownFileType = sourcecode.swift; path = TimeInterval.swift; sourceTree = "<group>"; };
		4E3AA21027A695CE00ED14A2 /* UITextField.swift */ = {isa = PBXFileReference; fileEncoding = 4; lastKnownFileType = sourcecode.swift; path = UITextField.swift; sourceTree = "<group>"; };
		4E3AA21127A695CE00ED14A2 /* NSLock.swift */ = {isa = PBXFileReference; fileEncoding = 4; lastKnownFileType = sourcecode.swift; path = NSLock.swift; sourceTree = "<group>"; };
		4E3AA21227A695CF00ED14A2 /* String.swift */ = {isa = PBXFileReference; fileEncoding = 4; lastKnownFileType = sourcecode.swift; path = String.swift; sourceTree = "<group>"; };
		4E3AA21327A695CF00ED14A2 /* UIImage.swift */ = {isa = PBXFileReference; fileEncoding = 4; lastKnownFileType = sourcecode.swift; path = UIImage.swift; sourceTree = "<group>"; };
		4E3AA21427A695CF00ED14A2 /* UIScrollView.swift */ = {isa = PBXFileReference; fileEncoding = 4; lastKnownFileType = sourcecode.swift; path = UIScrollView.swift; sourceTree = "<group>"; };
		4E3AA21627A695CF00ED14A2 /* CLLocationCoordinate2D.swift */ = {isa = PBXFileReference; fileEncoding = 4; lastKnownFileType = sourcecode.swift; path = CLLocationCoordinate2D.swift; sourceTree = "<group>"; };
		4E3AA21727A695CF00ED14A2 /* Date.swift */ = {isa = PBXFileReference; fileEncoding = 4; lastKnownFileType = sourcecode.swift; path = Date.swift; sourceTree = "<group>"; };
		4E3AA21827A695CF00ED14A2 /* UIButton.swift */ = {isa = PBXFileReference; fileEncoding = 4; lastKnownFileType = sourcecode.swift; path = UIButton.swift; sourceTree = "<group>"; };
		4E3AA21927A695CF00ED14A2 /* UIImageView.swift */ = {isa = PBXFileReference; fileEncoding = 4; lastKnownFileType = sourcecode.swift; path = UIImageView.swift; sourceTree = "<group>"; };
		4E3AA21A27A695CF00ED14A2 /* UIStackView.swift */ = {isa = PBXFileReference; fileEncoding = 4; lastKnownFileType = sourcecode.swift; path = UIStackView.swift; sourceTree = "<group>"; };
		4E3AA21B27A695CF00ED14A2 /* UIView.swift */ = {isa = PBXFileReference; fileEncoding = 4; lastKnownFileType = sourcecode.swift; path = UIView.swift; sourceTree = "<group>"; };
		4E3AA21C27A695CF00ED14A2 /* UIViewController.swift */ = {isa = PBXFileReference; fileEncoding = 4; lastKnownFileType = sourcecode.swift; path = UIViewController.swift; sourceTree = "<group>"; };
		4E3AA21D27A695CF00ED14A2 /* Codable.swift */ = {isa = PBXFileReference; fileEncoding = 4; lastKnownFileType = sourcecode.swift; path = Codable.swift; sourceTree = "<group>"; };
		4E3AA21E27A695CF00ED14A2 /* URL.swift */ = {isa = PBXFileReference; fileEncoding = 4; lastKnownFileType = sourcecode.swift; path = URL.swift; sourceTree = "<group>"; };
		4E3AA23427A69D5600ED14A2 /* Dictionary.swift */ = {isa = PBXFileReference; fileEncoding = 4; lastKnownFileType = sourcecode.swift; path = Dictionary.swift; sourceTree = "<group>"; };
		4E3AA23527A69D5600ED14A2 /* Array.swift */ = {isa = PBXFileReference; fileEncoding = 4; lastKnownFileType = sourcecode.swift; path = Array.swift; sourceTree = "<group>"; };
		4E3C5AD124FD00E600E11A35 /* LocationError.swift */ = {isa = PBXFileReference; lastKnownFileType = sourcecode.swift; path = LocationError.swift; sourceTree = "<group>"; };
		4E3C84AF27A3F28600658718 /* MapType.swift */ = {isa = PBXFileReference; lastKnownFileType = sourcecode.swift; path = MapType.swift; sourceTree = "<group>"; };
		4E497EB725066FC300E94CBD /* Indicator.swift */ = {isa = PBXFileReference; lastKnownFileType = sourcecode.swift; path = Indicator.swift; sourceTree = "<group>"; };
		4E4F41E027AFD5320068D241 /* PreviewContainer.swift */ = {isa = PBXFileReference; lastKnownFileType = sourcecode.swift; path = PreviewContainer.swift; sourceTree = "<group>"; };
		4E4F41E227B3EADF0068D241 /* UIViewController+MediaDelegate.swift */ = {isa = PBXFileReference; lastKnownFileType = sourcecode.swift; path = "UIViewController+MediaDelegate.swift"; sourceTree = "<group>"; };
		4E8BD84A27AC074E005C072A /* CreateQuickEntryView.swift */ = {isa = PBXFileReference; fileEncoding = 4; lastKnownFileType = sourcecode.swift; path = CreateQuickEntryView.swift; sourceTree = "<group>"; };
		4E8BD84B27AC074E005C072A /* TimelineHeaderView.swift */ = {isa = PBXFileReference; fileEncoding = 4; lastKnownFileType = sourcecode.swift; path = TimelineHeaderView.swift; sourceTree = "<group>"; };
		4E90CA71249532EB0029E308 /* en */ = {isa = PBXFileReference; lastKnownFileType = text.plist.strings; name = en; path = en.lproj/Localizable.strings; sourceTree = "<group>"; };
		4E90CA73249533080029E308 /* de */ = {isa = PBXFileReference; lastKnownFileType = text.plist.strings; name = de; path = de.lproj/Localizable.strings; sourceTree = "<group>"; };
		4EC869AD27A14E74000F0583 /* SwitchIcon.swift */ = {isa = PBXFileReference; fileEncoding = 4; lastKnownFileType = sourcecode.swift; path = SwitchIcon.swift; sourceTree = "<group>"; };
		4ED21B7724FAA17200A6FEA3 /* DataController.swift */ = {isa = PBXFileReference; fileEncoding = 4; lastKnownFileType = sourcecode.swift; path = DataController.swift; sourceTree = "<group>"; };
		4ED21B7824FAA17200A6FEA3 /* FileController.swift */ = {isa = PBXFileReference; fileEncoding = 4; lastKnownFileType = sourcecode.swift; path = FileController.swift; sourceTree = "<group>"; };
		4ED21B7D24FAA20F00A6FEA3 /* LocationService.swift */ = {isa = PBXFileReference; fileEncoding = 4; lastKnownFileType = sourcecode.swift; path = LocationService.swift; sourceTree = "<group>"; };
		4ED21B9024FAA29F00A6FEA3 /* ViewController.swift */ = {isa = PBXFileReference; fileEncoding = 4; lastKnownFileType = sourcecode.swift; path = ViewController.swift; sourceTree = "<group>"; };
		4ED21B9124FAA29F00A6FEA3 /* ModalViewController.swift */ = {isa = PBXFileReference; fileEncoding = 4; lastKnownFileType = sourcecode.swift; path = ModalViewController.swift; sourceTree = "<group>"; };
		4ED21B9224FAA29F00A6FEA3 /* InfoViewController.swift */ = {isa = PBXFileReference; fileEncoding = 4; lastKnownFileType = sourcecode.swift; path = InfoViewController.swift; sourceTree = "<group>"; };
		4ED21B9424FAA29F00A6FEA3 /* ModalScrollViewController.swift */ = {isa = PBXFileReference; fileEncoding = 4; lastKnownFileType = sourcecode.swift; path = ModalScrollViewController.swift; sourceTree = "<group>"; };
		4ED21B9524FAA29F00A6FEA3 /* ImageViewController.swift */ = {isa = PBXFileReference; fileEncoding = 4; lastKnownFileType = sourcecode.swift; path = ImageViewController.swift; sourceTree = "<group>"; };
		4ED21B9624FAA29F00A6FEA3 /* ScrollViewController.swift */ = {isa = PBXFileReference; fileEncoding = 4; lastKnownFileType = sourcecode.swift; path = ScrollViewController.swift; sourceTree = "<group>"; };
		4ED21B9724FAA29F00A6FEA3 /* EditViewController.swift */ = {isa = PBXFileReference; fileEncoding = 4; lastKnownFileType = sourcecode.swift; path = EditViewController.swift; sourceTree = "<group>"; };
		4ED21B9824FAA29F00A6FEA3 /* TableViewController.swift */ = {isa = PBXFileReference; fileEncoding = 4; lastKnownFileType = sourcecode.swift; path = TableViewController.swift; sourceTree = "<group>"; };
		4ED21BA324FAA32400A6FEA3 /* GlobalData.swift */ = {isa = PBXFileReference; fileEncoding = 4; lastKnownFileType = sourcecode.swift; path = GlobalData.swift; sourceTree = "<group>"; };
		4ED21BA424FAA32400A6FEA3 /* PhotoItemData.swift */ = {isa = PBXFileReference; fileEncoding = 4; lastKnownFileType = sourcecode.swift; path = PhotoItemData.swift; sourceTree = "<group>"; };
		4ED21BA524FAA32400A6FEA3 /* TextItemData.swift */ = {isa = PBXFileReference; fileEncoding = 4; lastKnownFileType = sourcecode.swift; path = TextItemData.swift; sourceTree = "<group>"; };
		4ED21BA624FAA32400A6FEA3 /* TimeSpanData.swift */ = {isa = PBXFileReference; fileEncoding = 4; lastKnownFileType = sourcecode.swift; path = TimeSpanData.swift; sourceTree = "<group>"; };
		4ED21BA724FAA32400A6FEA3 /* VideoItemData.swift */ = {isa = PBXFileReference; fileEncoding = 4; lastKnownFileType = sourcecode.swift; path = VideoItemData.swift; sourceTree = "<group>"; };
		4ED21BA824FAA32400A6FEA3 /* DayData.swift */ = {isa = PBXFileReference; fileEncoding = 4; lastKnownFileType = sourcecode.swift; path = DayData.swift; sourceTree = "<group>"; };
		4ED21BA924FAA32400A6FEA3 /* AudioData.swift */ = {isa = PBXFileReference; fileEncoding = 4; lastKnownFileType = sourcecode.swift; path = AudioData.swift; sourceTree = "<group>"; };
		4ED21BAA24FAA32400A6FEA3 /* FileEntryItemData.swift */ = {isa = PBXFileReference; fileEncoding = 4; lastKnownFileType = sourcecode.swift; path = FileEntryItemData.swift; sourceTree = "<group>"; };
		4ED21BAB24FAA32400A6FEA3 /* EntryData.swift */ = {isa = PBXFileReference; fileEncoding = 4; lastKnownFileType = sourcecode.swift; path = EntryData.swift; sourceTree = "<group>"; };
		4ED21BAD24FAA32400A6FEA3 /* Location.swift */ = {isa = PBXFileReference; fileEncoding = 4; lastKnownFileType = sourcecode.swift; path = Location.swift; sourceTree = "<group>"; };
		4ED21BAE24FAA32500A6FEA3 /* EntryItemData.swift */ = {isa = PBXFileReference; fileEncoding = 4; lastKnownFileType = sourcecode.swift; path = EntryItemData.swift; sourceTree = "<group>"; };
		4ED21BBB24FAA36000A6FEA3 /* MKMapView.swift */ = {isa = PBXFileReference; fileEncoding = 4; lastKnownFileType = sourcecode.swift; path = MKMapView.swift; sourceTree = "<group>"; };
		4ED21BC724FAA36C00A6FEA3 /* MainTabController.swift */ = {isa = PBXFileReference; fileEncoding = 4; lastKnownFileType = sourcecode.swift; path = MainTabController.swift; sourceTree = "<group>"; };
		4ED21BC824FAA36C00A6FEA3 /* SceneDelegate.swift */ = {isa = PBXFileReference; fileEncoding = 4; lastKnownFileType = sourcecode.swift; path = SceneDelegate.swift; sourceTree = "<group>"; };
		4ED21BC924FAA36C00A6FEA3 /* Settings.swift */ = {isa = PBXFileReference; fileEncoding = 4; lastKnownFileType = sourcecode.swift; path = Settings.swift; sourceTree = "<group>"; };
		4ED21BCA24FAA36C00A6FEA3 /* AppDelegate.swift */ = {isa = PBXFileReference; fileEncoding = 4; lastKnownFileType = sourcecode.swift; path = AppDelegate.swift; sourceTree = "<group>"; };
		4ED21BCF24FAA39300A6FEA3 /* DatePickerView.swift */ = {isa = PBXFileReference; fileEncoding = 4; lastKnownFileType = sourcecode.swift; path = DatePickerView.swift; sourceTree = "<group>"; };
		4ED21BD024FAA39300A6FEA3 /* IconButton.swift */ = {isa = PBXFileReference; fileEncoding = 4; lastKnownFileType = sourcecode.swift; path = IconButton.swift; sourceTree = "<group>"; };
		4ED21BD224FAA39300A6FEA3 /* InfoHeader.swift */ = {isa = PBXFileReference; fileEncoding = 4; lastKnownFileType = sourcecode.swift; path = InfoHeader.swift; sourceTree = "<group>"; };
		4ED21BD324FAA39300A6FEA3 /* TextButton.swift */ = {isa = PBXFileReference; fileEncoding = 4; lastKnownFileType = sourcecode.swift; path = TextButton.swift; sourceTree = "<group>"; };
		4ED21BD524FAA39300A6FEA3 /* ButtonStackView.swift */ = {isa = PBXFileReference; fileEncoding = 4; lastKnownFileType = sourcecode.swift; path = ButtonStackView.swift; sourceTree = "<group>"; };
		4ED21BDC24FAA39300A6FEA3 /* TextEditArea.swift */ = {isa = PBXFileReference; fileEncoding = 4; lastKnownFileType = sourcecode.swift; path = TextEditArea.swift; sourceTree = "<group>"; };
		4ED21BDE24FAA39300A6FEA3 /* InfoText.swift */ = {isa = PBXFileReference; fileEncoding = 4; lastKnownFileType = sourcecode.swift; path = InfoText.swift; sourceTree = "<group>"; };
		4ED21BDF24FAA39300A6FEA3 /* SwitchView.swift */ = {isa = PBXFileReference; fileEncoding = 4; lastKnownFileType = sourcecode.swift; path = SwitchView.swift; sourceTree = "<group>"; };
		4ED21BE024FAA39300A6FEA3 /* IconInfoText.swift */ = {isa = PBXFileReference; fileEncoding = 4; lastKnownFileType = sourcecode.swift; path = IconInfoText.swift; sourceTree = "<group>"; };
		4ED21BE124FAA39300A6FEA3 /* TextEditLine.swift */ = {isa = PBXFileReference; fileEncoding = 4; lastKnownFileType = sourcecode.swift; path = TextEditLine.swift; sourceTree = "<group>"; };
		4ED21BF724FAA39E00A6FEA3 /* EntryViewController.swift */ = {isa = PBXFileReference; fileEncoding = 4; lastKnownFileType = sourcecode.swift; path = EntryViewController.swift; sourceTree = "<group>"; };
		4ED21BF924FAA39E00A6FEA3 /* AudioItemView.swift */ = {isa = PBXFileReference; fileEncoding = 4; lastKnownFileType = sourcecode.swift; path = AudioItemView.swift; sourceTree = "<group>"; };
		4ED21BFA24FAA39E00A6FEA3 /* VideoItemView.swift */ = {isa = PBXFileReference; fileEncoding = 4; lastKnownFileType = sourcecode.swift; path = VideoItemView.swift; sourceTree = "<group>"; };
		4ED21BFC24FAA39E00A6FEA3 /* TextItemView.swift */ = {isa = PBXFileReference; fileEncoding = 4; lastKnownFileType = sourcecode.swift; path = TextItemView.swift; sourceTree = "<group>"; };
		4ED21BFD24FAA39E00A6FEA3 /* EntryItemView.swift */ = {isa = PBXFileReference; fileEncoding = 4; lastKnownFileType = sourcecode.swift; path = EntryItemView.swift; sourceTree = "<group>"; };
		4ED21C0524FAA3B900A6FEA3 /* TimelineInfoViewController.swift */ = {isa = PBXFileReference; fileEncoding = 4; lastKnownFileType = sourcecode.swift; path = TimelineInfoViewController.swift; sourceTree = "<group>"; };
		4ED21C0624FAA3B900A6FEA3 /* EditEntryViewController.swift */ = {isa = PBXFileReference; fileEncoding = 4; lastKnownFileType = sourcecode.swift; path = EditEntryViewController.swift; sourceTree = "<group>"; };
		4ED21C0724FAA3B900A6FEA3 /* TimelineViewController.swift */ = {isa = PBXFileReference; fileEncoding = 4; lastKnownFileType = sourcecode.swift; path = TimelineViewController.swift; sourceTree = "<group>"; };
		4ED21C0824FAA3B900A6FEA3 /* TimelineSectionHeader.swift */ = {isa = PBXFileReference; fileEncoding = 4; lastKnownFileType = sourcecode.swift; path = TimelineSectionHeader.swift; sourceTree = "<group>"; };
		4ED21C0924FAA3B900A6FEA3 /* TimelineEntryCell.swift */ = {isa = PBXFileReference; fileEncoding = 4; lastKnownFileType = sourcecode.swift; path = TimelineEntryCell.swift; sourceTree = "<group>"; };
		4ED21C0A24FAA3B900A6FEA3 /* EditEntryInfoViewController.swift */ = {isa = PBXFileReference; fileEncoding = 4; lastKnownFileType = sourcecode.swift; path = EditEntryInfoViewController.swift; sourceTree = "<group>"; };
		4ED21C1124FAA3D000A6FEA3 /* MapInfoViewController.swift */ = {isa = PBXFileReference; fileEncoding = 4; lastKnownFileType = sourcecode.swift; path = MapInfoViewController.swift; sourceTree = "<group>"; };
		4ED21C1224FAA3D000A6FEA3 /* MapViewController.swift */ = {isa = PBXFileReference; fileEncoding = 4; lastKnownFileType = sourcecode.swift; path = MapViewController.swift; sourceTree = "<group>"; };
		4ED21C2324FAA47400A6FEA3 /* SettingsInfoViewController.swift */ = {isa = PBXFileReference; fileEncoding = 4; lastKnownFileType = sourcecode.swift; path = SettingsInfoViewController.swift; sourceTree = "<group>"; };
		4ED21C2424FAA47400A6FEA3 /* SettingsViewController.swift */ = {isa = PBXFileReference; fileEncoding = 4; lastKnownFileType = sourcecode.swift; path = SettingsViewController.swift; sourceTree = "<group>"; };
		4ED21C2524FAA47400A6FEA3 /* BackupInfoViewController.swift */ = {isa = PBXFileReference; fileEncoding = 4; lastKnownFileType = sourcecode.swift; path = BackupInfoViewController.swift; sourceTree = "<group>"; };
		4ED21C2624FAA47400A6FEA3 /* RestoreInfoViewController.swift */ = {isa = PBXFileReference; fileEncoding = 4; lastKnownFileType = sourcecode.swift; path = RestoreInfoViewController.swift; sourceTree = "<group>"; };
		4ED21C2724FAA47400A6FEA3 /* BackupViewController.swift */ = {isa = PBXFileReference; fileEncoding = 4; lastKnownFileType = sourcecode.swift; path = BackupViewController.swift; sourceTree = "<group>"; };
		4ED21C2824FAA47400A6FEA3 /* RestoreViewController.swift */ = {isa = PBXFileReference; fileEncoding = 4; lastKnownFileType = sourcecode.swift; path = RestoreViewController.swift; sourceTree = "<group>"; };
		4ED21C3724FAA96600A6FEA3 /* Statics.swift */ = {isa = PBXFileReference; fileEncoding = 4; lastKnownFileType = sourcecode.swift; path = Statics.swift; sourceTree = "<group>"; };
		4ED21C3924FAAC6D00A6FEA3 /* CaptureButton.swift */ = {isa = PBXFileReference; fileEncoding = 4; lastKnownFileType = sourcecode.swift; path = CaptureButton.swift; sourceTree = "<group>"; };
		4ED21C3A24FAAC6D00A6FEA3 /* AudioPlayerView.swift */ = {isa = PBXFileReference; fileEncoding = 4; lastKnownFileType = sourcecode.swift; path = AudioPlayerView.swift; sourceTree = "<group>"; };
		4ED21C3B24FAAC6D00A6FEA3 /* VideoCaptureViewController.swift */ = {isa = PBXFileReference; fileEncoding = 4; lastKnownFileType = sourcecode.swift; path = VideoCaptureViewController.swift; sourceTree = "<group>"; };
		4ED21C3C24FAAC6D00A6FEA3 /* AudioRecorderView.swift */ = {isa = PBXFileReference; fileEncoding = 4; lastKnownFileType = sourcecode.swift; path = AudioRecorderView.swift; sourceTree = "<group>"; };
		4ED21C3D24FAAC6E00A6FEA3 /* AVCaptureDevice.swift */ = {isa = PBXFileReference; fileEncoding = 4; lastKnownFileType = sourcecode.swift; path = AVCaptureDevice.swift; sourceTree = "<group>"; };
		4ED21C3E24FAAC6E00A6FEA3 /* VideoViewController.swift */ = {isa = PBXFileReference; fileEncoding = 4; lastKnownFileType = sourcecode.swift; path = VideoViewController.swift; sourceTree = "<group>"; };
		4ED21C3F24FAAC6E00A6FEA3 /* CameraViewController.swift */ = {isa = PBXFileReference; fileEncoding = 4; lastKnownFileType = sourcecode.swift; path = CameraViewController.swift; sourceTree = "<group>"; };
		4ED21C4024FAAC6E00A6FEA3 /* MediaCommentLabel.swift */ = {isa = PBXFileReference; fileEncoding = 4; lastKnownFileType = sourcecode.swift; path = MediaCommentLabel.swift; sourceTree = "<group>"; };
		4ED21C4124FAAC6E00A6FEA3 /* VideoPlayerView.swift */ = {isa = PBXFileReference; fileEncoding = 4; lastKnownFileType = sourcecode.swift; path = VideoPlayerView.swift; sourceTree = "<group>"; };
		4ED21C4224FAAC6E00A6FEA3 /* AVCaptureVideoOrientation.swift */ = {isa = PBXFileReference; fileEncoding = 4; lastKnownFileType = sourcecode.swift; path = AVCaptureVideoOrientation.swift; sourceTree = "<group>"; };
		4ED21C4324FAAC6E00A6FEA3 /* PhotoCaptureViewController.swift */ = {isa = PBXFileReference; fileEncoding = 4; lastKnownFileType = sourcecode.swift; path = PhotoCaptureViewController.swift; sourceTree = "<group>"; };
		4ED21C4524FAAC6E00A6FEA3 /* EntryAnnotation.swift */ = {isa = PBXFileReference; fileEncoding = 4; lastKnownFileType = sourcecode.swift; path = EntryAnnotation.swift; sourceTree = "<group>"; };
		4EDA9EE427A6A9ED003F06F3 /* LabeledText.swift */ = {isa = PBXFileReference; fileEncoding = 4; lastKnownFileType = sourcecode.swift; path = LabeledText.swift; sourceTree = "<group>"; };
		4EDB3BD4279FFE7700C3F361 /* Insets.swift */ = {isa = PBXFileReference; fileEncoding = 4; lastKnownFileType = sourcecode.swift; path = Insets.swift; sourceTree = "<group>"; };
		4EFDFF3424952F53001EB7C3 /* My private track.app */ = {isa = PBXFileReference; explicitFileType = wrapper.application; includeInIndex = 0; path = "My private track.app"; sourceTree = BUILT_PRODUCTS_DIR; };
		4EFDFF4524952F54001EB7C3 /* Assets.xcassets */ = {isa = PBXFileReference; lastKnownFileType = folder.assetcatalog; path = Assets.xcassets; sourceTree = "<group>"; };
		4EFDFF4824952F54001EB7C3 /* Base */ = {isa = PBXFileReference; lastKnownFileType = file.storyboard; name = Base; path = Base.lproj/LaunchScreen.storyboard; sourceTree = "<group>"; };
		4EFDFF4A24952F54001EB7C3 /* Info.plist */ = {isa = PBXFileReference; lastKnownFileType = text.plist.xml; path = Info.plist; sourceTree = "<group>"; };
		4EFE4F5F250A23CB003B2D1E /* AuthorizationError.swift */ = {isa = PBXFileReference; lastKnownFileType = sourcecode.swift; path = AuthorizationError.swift; sourceTree = "<group>"; };
		4EFE4F61250A3ED2003B2D1E /* MapError.swift */ = {isa = PBXFileReference; lastKnownFileType = sourcecode.swift; path = MapError.swift; sourceTree = "<group>"; };
/* End PBXFileReference section */

/* Begin PBXFrameworksBuildPhase section */
		4EFDFF3124952F53001EB7C3 /* Frameworks */ = {
			isa = PBXFrameworksBuildPhase;
			buildActionMask = 2147483647;
			files = (
				4E080D842508C2F0006DF6E9 /* Zip in Frameworks */,
			);
			runOnlyForDeploymentPostprocessing = 0;
		};
/* End PBXFrameworksBuildPhase section */

/* Begin PBXGroup section */
		1AF3ECB353148E7467A74330 /* Frameworks */ = {
			isa = PBXGroup;
			children = (
			);
			name = Frameworks;
			sourceTree = "<group>";
		};
		4E2D3CBB24C5E87A00FA319C /* Entry */ = {
			isa = PBXGroup;
			children = (
				4ED21BA924FAA32400A6FEA3 /* AudioData.swift */,
				4ED21BF924FAA39E00A6FEA3 /* AudioItemView.swift */,
				4ED21BA824FAA32400A6FEA3 /* DayData.swift */,
				4ED21C0A24FAA3B900A6FEA3 /* EditEntryInfoViewController.swift */,
				4ED21C0624FAA3B900A6FEA3 /* EditEntryViewController.swift */,
				4ED21BAB24FAA32400A6FEA3 /* EntryData.swift */,
				4ED21BAE24FAA32500A6FEA3 /* EntryItemData.swift */,
				4ED21BFD24FAA39E00A6FEA3 /* EntryItemView.swift */,
				4ED21BF724FAA39E00A6FEA3 /* EntryViewController.swift */,
				4ED21BAA24FAA32400A6FEA3 /* FileEntryItemData.swift */,
				4ED21BA324FAA32400A6FEA3 /* GlobalData.swift */,
				4E0018AD27B67FB7005AA1A3 /* ImageItemData.swift */,
				4E0018AF27B6831A005AA1A3 /* ImageItemView.swift */,
				4ED21BA424FAA32400A6FEA3 /* PhotoItemData.swift */,
				4ED21BA524FAA32400A6FEA3 /* TextItemData.swift */,
				4ED21BFC24FAA39E00A6FEA3 /* TextItemView.swift */,
				4ED21BA624FAA32400A6FEA3 /* TimeSpanData.swift */,
				4ED21BA724FAA32400A6FEA3 /* VideoItemData.swift */,
				4ED21BFA24FAA39E00A6FEA3 /* VideoItemView.swift */,
			);
			path = Entry;
			sourceTree = "<group>";
		};
		4E2ECFD624DD9E42003FFFF1 /* Timeline */ = {
			isa = PBXGroup;
			children = (
				4E8BD84A27AC074E005C072A /* CreateQuickEntryView.swift */,
				4ED21C0924FAA3B900A6FEA3 /* TimelineEntryCell.swift */,
				4E8BD84B27AC074E005C072A /* TimelineHeaderView.swift */,
				4ED21C0524FAA3B900A6FEA3 /* TimelineInfoViewController.swift */,
				4ED21C0824FAA3B900A6FEA3 /* TimelineSectionHeader.swift */,
				4ED21C0724FAA3B900A6FEA3 /* TimelineViewController.swift */,
			);
			path = Timeline;
			sourceTree = "<group>";
		};
		4E3AA20927A695A100ED14A2 /* Extensions */ = {
			isa = PBXGroup;
			children = (
				4E3AA23527A69D5600ED14A2 /* Array.swift */,
				4ED21C3D24FAAC6E00A6FEA3 /* AVCaptureDevice.swift */,
				4ED21C4224FAAC6E00A6FEA3 /* AVCaptureVideoOrientation.swift */,
				4E3AA20B27A695CE00ED14A2 /* CGRect.swift */,
				4E3AA20D27A695CE00ED14A2 /* CGSize.swift */,
				4E3AA20C27A695CE00ED14A2 /* CLLocation.swift */,
				4E3AA21627A695CF00ED14A2 /* CLLocationCoordinate2D.swift */,
				4E3AA21D27A695CF00ED14A2 /* Codable.swift */,
				4E3AA21727A695CF00ED14A2 /* Date.swift */,
				4E3AA23427A69D5600ED14A2 /* Dictionary.swift */,
				4ED21BBB24FAA36000A6FEA3 /* MKMapView.swift */,
				4E3AA21127A695CE00ED14A2 /* NSLock.swift */,
				4E3AA21227A695CF00ED14A2 /* String.swift */,
				4E3AA20F27A695CE00ED14A2 /* TimeInterval.swift */,
				4E3AA21827A695CF00ED14A2 /* UIButton.swift */,
				4E3AA21327A695CF00ED14A2 /* UIImage.swift */,
				4E3AA21927A695CF00ED14A2 /* UIImageView.swift */,
				4E3AA20E27A695CE00ED14A2 /* UILabel.swift */,
				4E3AA21427A695CF00ED14A2 /* UIScrollView.swift */,
				4E3AA21A27A695CF00ED14A2 /* UIStackView.swift */,
				4E3AA21027A695CE00ED14A2 /* UITextField.swift */,
				4E3AA20A27A695CE00ED14A2 /* UITextView.swift */,
				4E3AA21B27A695CF00ED14A2 /* UIView.swift */,
				4E3AA21C27A695CF00ED14A2 /* UIViewController.swift */,
				4E3AA21E27A695CF00ED14A2 /* URL.swift */,
			);
			path = Extensions;
			sourceTree = "<group>";
		};
		4E8BD84827AC0379005C072A /* Settings */ = {
			isa = PBXGroup;
			children = (
				4ED21C2524FAA47400A6FEA3 /* BackupInfoViewController.swift */,
				4ED21C2724FAA47400A6FEA3 /* BackupViewController.swift */,
				4ED21C2624FAA47400A6FEA3 /* RestoreInfoViewController.swift */,
				4ED21C2824FAA47400A6FEA3 /* RestoreViewController.swift */,
				4ED21BC924FAA36C00A6FEA3 /* Settings.swift */,
				4ED21C2324FAA47400A6FEA3 /* SettingsInfoViewController.swift */,
				4ED21C2424FAA47400A6FEA3 /* SettingsViewController.swift */,
			);
			path = Settings;
			sourceTree = "<group>";
		};
		4E8BD84927AC0412005C072A /* Location */ = {
			isa = PBXGroup;
			children = (
				4ED21BAD24FAA32400A6FEA3 /* Location.swift */,
				4E3C5AD124FD00E600E11A35 /* LocationError.swift */,
				4ED21B7D24FAA20F00A6FEA3 /* LocationService.swift */,
			);
			path = Location;
			sourceTree = "<group>";
		};
		4E90CA2D249531420029E308 /* Application */ = {
			isa = PBXGroup;
			children = (
				4ED21BCA24FAA36C00A6FEA3 /* AppDelegate.swift */,
				4E24FC92250164DA00BCE81B /* AppInfoViewController.swift */,
				4EFE4F5F250A23CB003B2D1E /* AuthorizationError.swift */,
				4ED21B7724FAA17200A6FEA3 /* DataController.swift */,
				4ED21B7824FAA17200A6FEA3 /* FileController.swift */,
				4EDB3BD4279FFE7700C3F361 /* Insets.swift */,
				4ED21BC724FAA36C00A6FEA3 /* MainTabController.swift */,
				4ED21BC824FAA36C00A6FEA3 /* SceneDelegate.swift */,
				4ED21C3724FAA96600A6FEA3 /* Statics.swift */,
			);
			path = Application;
			sourceTree = "<group>";
		};
		4ED21B7B24FAA18700A6FEA3 /* AVMedia */ = {
			isa = PBXGroup;
			children = (
				4ED21C3A24FAAC6D00A6FEA3 /* AudioPlayerView.swift */,
				4ED21C3C24FAAC6D00A6FEA3 /* AudioRecorderView.swift */,
				4ED21C3F24FAAC6E00A6FEA3 /* CameraViewController.swift */,
				4ED21C3924FAAC6D00A6FEA3 /* CaptureButton.swift */,
				4ED21C4024FAAC6E00A6FEA3 /* MediaCommentLabel.swift */,
				4ED21C4324FAAC6E00A6FEA3 /* PhotoCaptureViewController.swift */,
				4ED21C3B24FAAC6D00A6FEA3 /* VideoCaptureViewController.swift */,
				4ED21C4124FAAC6E00A6FEA3 /* VideoPlayerView.swift */,
				4ED21C3E24FAAC6E00A6FEA3 /* VideoViewController.swift */,
			);
			path = AVMedia;
			sourceTree = "<group>";
		};
		4ED21BA224FAA2B800A6FEA3 /* Base */ = {
			isa = PBXGroup;
			children = (
				4ED21BD524FAA39300A6FEA3 /* ButtonStackView.swift */,
				4ED21BCF24FAA39300A6FEA3 /* DatePickerView.swift */,
				4ED21B9724FAA29F00A6FEA3 /* EditViewController.swift */,
				4ED21BD024FAA39300A6FEA3 /* IconButton.swift */,
				4ED21BE024FAA39300A6FEA3 /* IconInfoText.swift */,
				4ED21B9524FAA29F00A6FEA3 /* ImageViewController.swift */,
				4E497EB725066FC300E94CBD /* Indicator.swift */,
				4ED21BD224FAA39300A6FEA3 /* InfoHeader.swift */,
				4ED21BDE24FAA39300A6FEA3 /* InfoText.swift */,
				4ED21B9224FAA29F00A6FEA3 /* InfoViewController.swift */,
				4EDA9EE427A6A9ED003F06F3 /* LabeledText.swift */,
				4ED21B9424FAA29F00A6FEA3 /* ModalScrollViewController.swift */,
				4ED21B9124FAA29F00A6FEA3 /* ModalViewController.swift */,
				4ED21B9624FAA29F00A6FEA3 /* ScrollViewController.swift */,
				4EC869AD27A14E74000F0583 /* SwitchIcon.swift */,
				4ED21BDF24FAA39300A6FEA3 /* SwitchView.swift */,
				4ED21B9824FAA29F00A6FEA3 /* TableViewController.swift */,
				4ED21BD324FAA39300A6FEA3 /* TextButton.swift */,
				4ED21BDC24FAA39300A6FEA3 /* TextEditArea.swift */,
				4ED21BE124FAA39300A6FEA3 /* TextEditLine.swift */,
				4ED21B9024FAA29F00A6FEA3 /* ViewController.swift */,
				4E4F41E027AFD5320068D241 /* PreviewContainer.swift */,
				4E4F41E227B3EADF0068D241 /* UIViewController+MediaDelegate.swift */,
			);
			path = Base;
			sourceTree = "<group>";
		};
		4EF0A7F5249F986100A236EB /* Map */ = {
			isa = PBXGroup;
			children = (
				4ED21C4524FAAC6E00A6FEA3 /* EntryAnnotation.swift */,
				4EFE4F61250A3ED2003B2D1E /* MapError.swift */,
				4ED21C1124FAA3D000A6FEA3 /* MapInfoViewController.swift */,
				4E3C84AF27A3F28600658718 /* MapType.swift */,
				4ED21C1224FAA3D000A6FEA3 /* MapViewController.swift */,
			);
			path = Map;
			sourceTree = "<group>";
		};
		4EFDFF2B24952F53001EB7C3 = {
			isa = PBXGroup;
			children = (
				4E24FC8F2501632700BCE81B /* README.md */,
				4EFDFF3624952F53001EB7C3 /* myprivatetrack */,
				4EFDFF3524952F53001EB7C3 /* Products */,
				1AF3ECB353148E7467A74330 /* Frameworks */,
			);
			sourceTree = "<group>";
		};
		4EFDFF3524952F53001EB7C3 /* Products */ = {
			isa = PBXGroup;
			children = (
				4EFDFF3424952F53001EB7C3 /* My private track.app */,
			);
			name = Products;
			sourceTree = "<group>";
		};
		4EFDFF3624952F53001EB7C3 /* myprivatetrack */ = {
			isa = PBXGroup;
			children = (
				4E90CA2D249531420029E308 /* Application */,
				4ED21B7B24FAA18700A6FEA3 /* AVMedia */,
				4ED21BA224FAA2B800A6FEA3 /* Base */,
				4E2D3CBB24C5E87A00FA319C /* Entry */,
				4E3AA20927A695A100ED14A2 /* Extensions */,
				4E8BD84927AC0412005C072A /* Location */,
				4EF0A7F5249F986100A236EB /* Map */,
				4E8BD84827AC0379005C072A /* Settings */,
				4E2ECFD624DD9E42003FFFF1 /* Timeline */,
				4EFDFF4524952F54001EB7C3 /* Assets.xcassets */,
				4EFDFF4A24952F54001EB7C3 /* Info.plist */,
				4EFDFF4724952F54001EB7C3 /* LaunchScreen.storyboard */,
				4E1457A124E1C214008EC422 /* InfoPlist.strings */,
				4E90CA72249532EB0029E308 /* Localizable.strings */,
			);
			path = myprivatetrack;
			sourceTree = "<group>";
		};
/* End PBXGroup section */

/* Begin PBXNativeTarget section */
		4EFDFF3324952F53001EB7C3 /* myprivatetrack */ = {
			isa = PBXNativeTarget;
			buildConfigurationList = 4EFDFF4D24952F54001EB7C3 /* Build configuration list for PBXNativeTarget "myprivatetrack" */;
			buildPhases = (
				4EFDFF3024952F53001EB7C3 /* Sources */,
				4EFDFF3124952F53001EB7C3 /* Frameworks */,
				4EFDFF3224952F53001EB7C3 /* Resources */,
			);
			buildRules = (
			);
			dependencies = (
			);
			name = myprivatetrack;
			packageProductDependencies = (
				4E080D832508C2F0006DF6E9 /* Zip */,
			);
			productName = myprivatetrack;
			productReference = 4EFDFF3424952F53001EB7C3 /* My private track.app */;
			productType = "com.apple.product-type.application";
		};
/* End PBXNativeTarget section */

/* Begin PBXProject section */
		4EFDFF2C24952F53001EB7C3 /* Project object */ = {
			isa = PBXProject;
			attributes = {
				LastSwiftUpdateCheck = 1150;
				LastUpgradeCheck = 1320;
				ORGANIZATIONNAME = "Michael Rönnau";
				TargetAttributes = {
					4EFDFF3324952F53001EB7C3 = {
						CreatedOnToolsVersion = 11.5;
						LastSwiftMigration = 1160;
					};
				};
			};
			buildConfigurationList = 4EFDFF2F24952F53001EB7C3 /* Build configuration list for PBXProject "myprivatetrack" */;
			compatibilityVersion = "Xcode 9.3";
			developmentRegion = en;
			hasScannedForEncodings = 0;
			knownRegions = (
				en,
				Base,
				de,
			);
			mainGroup = 4EFDFF2B24952F53001EB7C3;
			packageReferences = (
				4E080D822508C2F0006DF6E9 /* XCRemoteSwiftPackageReference "Zip" */,
			);
			productRefGroup = 4EFDFF3524952F53001EB7C3 /* Products */;
			projectDirPath = "";
			projectRoot = "";
			targets = (
				4EFDFF3324952F53001EB7C3 /* myprivatetrack */,
			);
		};
/* End PBXProject section */

/* Begin PBXResourcesBuildPhase section */
		4EFDFF3224952F53001EB7C3 /* Resources */ = {
			isa = PBXResourcesBuildPhase;
			buildActionMask = 2147483647;
			files = (
				4EFDFF4924952F54001EB7C3 /* LaunchScreen.storyboard in Resources */,
				4E14579F24E1C214008EC422 /* InfoPlist.strings in Resources */,
				4E24FC902501632700BCE81B /* README.md in Resources */,
				4E90CA70249532EB0029E308 /* Localizable.strings in Resources */,
				4EFDFF4624952F54001EB7C3 /* Assets.xcassets in Resources */,
			);
			runOnlyForDeploymentPostprocessing = 0;
		};
/* End PBXResourcesBuildPhase section */

/* Begin PBXSourcesBuildPhase section */
		4EFDFF3024952F53001EB7C3 /* Sources */ = {
			isa = PBXSourcesBuildPhase;
			buildActionMask = 2147483647;
			files = (
				4E3AA22027A695CF00ED14A2 /* CGRect.swift in Sources */,
				4ED21C0424FAA39E00A6FEA3 /* EntryItemView.swift in Sources */,
				4ED21BBA24FAA32500A6FEA3 /* EntryItemData.swift in Sources */,
				4E3AA22627A695CF00ED14A2 /* NSLock.swift in Sources */,
				4E3AA22927A695CF00ED14A2 /* UIScrollView.swift in Sources */,
				4ED21C5324FAAC6E00A6FEA3 /* EntryAnnotation.swift in Sources */,
				4ED21BCB24FAA36C00A6FEA3 /* MainTabController.swift in Sources */,
				4ED21BE624FAA39300A6FEA3 /* InfoHeader.swift in Sources */,
				4ED21C0124FAA39E00A6FEA3 /* VideoItemView.swift in Sources */,
				4E3AA23727A69D5600ED14A2 /* Array.swift in Sources */,
				4ED21C4A24FAAC6E00A6FEA3 /* AudioRecorderView.swift in Sources */,
				4E3AA23327A695CF00ED14A2 /* URL.swift in Sources */,
				4E3AA22727A695CF00ED14A2 /* String.swift in Sources */,
				4E3AA23127A695CF00ED14A2 /* UIViewController.swift in Sources */,
				4ED21BFE24FAA39E00A6FEA3 /* EntryViewController.swift in Sources */,
				4ED21C0D24FAA3B900A6FEA3 /* TimelineViewController.swift in Sources */,
				4E0018AE27B67FB7005AA1A3 /* ImageItemData.swift in Sources */,
				4ED21C4924FAAC6E00A6FEA3 /* VideoCaptureViewController.swift in Sources */,
				4ED21BE924FAA39300A6FEA3 /* ButtonStackView.swift in Sources */,
				4ED21BA024FAA29F00A6FEA3 /* EditViewController.swift in Sources */,
				4ED21BF324FAA39300A6FEA3 /* SwitchView.swift in Sources */,
				4ED21BA124FAA29F00A6FEA3 /* TableViewController.swift in Sources */,
				4E497EB825066FC300E94CBD /* Indicator.swift in Sources */,
				4ED21BF524FAA39300A6FEA3 /* TextEditLine.swift in Sources */,
				4ED21C5124FAAC6E00A6FEA3 /* PhotoCaptureViewController.swift in Sources */,
				4ED21C5024FAAC6E00A6FEA3 /* AVCaptureVideoOrientation.swift in Sources */,
				4ED21BB924FAA32500A6FEA3 /* Location.swift in Sources */,
				4ED21C0024FAA39E00A6FEA3 /* AudioItemView.swift in Sources */,
				4ED21C1424FAA3D000A6FEA3 /* MapViewController.swift in Sources */,
				4E3AA22127A695CF00ED14A2 /* CLLocation.swift in Sources */,
				4ED21C2A24FAA47500A6FEA3 /* SettingsViewController.swift in Sources */,
				4EDA9EE527A6A9ED003F06F3 /* LabeledText.swift in Sources */,
				4ED21C2D24FAA47500A6FEA3 /* BackupViewController.swift in Sources */,
				4EFE4F60250A23CB003B2D1E /* AuthorizationError.swift in Sources */,
				4ED21BC124FAA36000A6FEA3 /* MKMapView.swift in Sources */,
				4E24FC93250164DA00BCE81B /* AppInfoViewController.swift in Sources */,
				4ED21BE724FAA39300A6FEA3 /* TextButton.swift in Sources */,
				4ED21BB224FAA32500A6FEA3 /* TimeSpanData.swift in Sources */,
				4E3C5AD224FD00E600E11A35 /* LocationError.swift in Sources */,
				4EFE4F62250A3ED2003B2D1E /* MapError.swift in Sources */,
				4ED21C1024FAA3B900A6FEA3 /* EditEntryInfoViewController.swift in Sources */,
				4E3AA22C27A695CF00ED14A2 /* Date.swift in Sources */,
				4ED21BAF24FAA32500A6FEA3 /* GlobalData.swift in Sources */,
				4ED21C4F24FAAC6E00A6FEA3 /* VideoPlayerView.swift in Sources */,
				4ED21BE324FAA39300A6FEA3 /* DatePickerView.swift in Sources */,
				4ED21C4C24FAAC6E00A6FEA3 /* VideoViewController.swift in Sources */,
				4E8BD84D27AC074E005C072A /* TimelineHeaderView.swift in Sources */,
				4ED21BF424FAA39300A6FEA3 /* IconInfoText.swift in Sources */,
				4E3AA22E27A695CF00ED14A2 /* UIImageView.swift in Sources */,
				4ED21C0F24FAA3B900A6FEA3 /* TimelineEntryCell.swift in Sources */,
				4E3AA22227A695CF00ED14A2 /* CGSize.swift in Sources */,
				4ED21C4724FAAC6E00A6FEA3 /* CaptureButton.swift in Sources */,
				4ED21C0E24FAA3B900A6FEA3 /* TimelineSectionHeader.swift in Sources */,
				4ED21BB624FAA32500A6FEA3 /* FileEntryItemData.swift in Sources */,
				4E4F41E127AFD5320068D241 /* PreviewContainer.swift in Sources */,
				4ED21C0C24FAA3B900A6FEA3 /* EditEntryViewController.swift in Sources */,
				4E8BD84C27AC074E005C072A /* CreateQuickEntryView.swift in Sources */,
				4E3AA22F27A695CF00ED14A2 /* UIStackView.swift in Sources */,
				4E3AA21F27A695CF00ED14A2 /* UITextView.swift in Sources */,
				4ED21BE424FAA39300A6FEA3 /* IconButton.swift in Sources */,
				4ED21B9D24FAA29F00A6FEA3 /* ModalScrollViewController.swift in Sources */,
				4ED21BCD24FAA36C00A6FEA3 /* Settings.swift in Sources */,
				4E3AA22B27A695CF00ED14A2 /* CLLocationCoordinate2D.swift in Sources */,
				4E3AA22D27A695CF00ED14A2 /* UIButton.swift in Sources */,
				4ED21C2C24FAA47500A6FEA3 /* RestoreInfoViewController.swift in Sources */,
				4E3AA23227A695CF00ED14A2 /* Codable.swift in Sources */,
				4ED21BB724FAA32500A6FEA3 /* EntryData.swift in Sources */,
				4ED21C3824FAA96600A6FEA3 /* Statics.swift in Sources */,
				4E4F41E327B3EADF0068D241 /* UIViewController+MediaDelegate.swift in Sources */,
				4ED21C2E24FAA47500A6FEA3 /* RestoreViewController.swift in Sources */,
				4ED21BB124FAA32500A6FEA3 /* TextItemData.swift in Sources */,
				4ED21B9B24FAA29F00A6FEA3 /* InfoViewController.swift in Sources */,
				4ED21C1324FAA3D000A6FEA3 /* MapInfoViewController.swift in Sources */,
				4ED21C4D24FAAC6E00A6FEA3 /* CameraViewController.swift in Sources */,
				4ED21B7924FAA17200A6FEA3 /* DataController.swift in Sources */,
				4ED21B9A24FAA29F00A6FEA3 /* ModalViewController.swift in Sources */,
				4ED21BB524FAA32500A6FEA3 /* AudioData.swift in Sources */,
				4ED21C4824FAAC6E00A6FEA3 /* AudioPlayerView.swift in Sources */,
				4ED21C2924FAA47500A6FEA3 /* SettingsInfoViewController.swift in Sources */,
				4ED21B7F24FAA20F00A6FEA3 /* LocationService.swift in Sources */,
				4E3AA23627A69D5600ED14A2 /* Dictionary.swift in Sources */,
				4E3AA22427A695CF00ED14A2 /* TimeInterval.swift in Sources */,
				4ED21C0324FAA39E00A6FEA3 /* TextItemView.swift in Sources */,
				4ED21B9E24FAA29F00A6FEA3 /* ImageViewController.swift in Sources */,
				4E3AA22527A695CF00ED14A2 /* UITextField.swift in Sources */,
				4E3AA22327A695CF00ED14A2 /* UILabel.swift in Sources */,
				4E3C84B027A3F28600658718 /* MapType.swift in Sources */,
				4ED21C0B24FAA3B900A6FEA3 /* TimelineInfoViewController.swift in Sources */,
				4ED21B9924FAA29F00A6FEA3 /* ViewController.swift in Sources */,
				4ED21BCE24FAA36C00A6FEA3 /* AppDelegate.swift in Sources */,
				4EC869AE27A14E74000F0583 /* SwitchIcon.swift in Sources */,
				4ED21B7A24FAA17200A6FEA3 /* FileController.swift in Sources */,
				4ED21C2B24FAA47500A6FEA3 /* BackupInfoViewController.swift in Sources */,
				4ED21BF024FAA39300A6FEA3 /* TextEditArea.swift in Sources */,
				4ED21BF224FAA39300A6FEA3 /* InfoText.swift in Sources */,
				4ED21C4E24FAAC6E00A6FEA3 /* MediaCommentLabel.swift in Sources */,
				4ED21BB424FAA32500A6FEA3 /* DayData.swift in Sources */,
				4ED21B9F24FAA29F00A6FEA3 /* ScrollViewController.swift in Sources */,
				4ED21BCC24FAA36C00A6FEA3 /* SceneDelegate.swift in Sources */,
				4E3AA22827A695CF00ED14A2 /* UIImage.swift in Sources */,
				4ED21BB324FAA32500A6FEA3 /* VideoItemData.swift in Sources */,
				4ED21C4B24FAAC6E00A6FEA3 /* AVCaptureDevice.swift in Sources */,
				4E0018B027B6831A005AA1A3 /* ImageItemView.swift in Sources */,
				4E3AA23027A695CF00ED14A2 /* UIView.swift in Sources */,
				4EDB3BD5279FFE7700C3F361 /* Insets.swift in Sources */,
				4ED21BB024FAA32500A6FEA3 /* PhotoItemData.swift in Sources */,
			);
			runOnlyForDeploymentPostprocessing = 0;
		};
/* End PBXSourcesBuildPhase section */

/* Begin PBXVariantGroup section */
		4E1457A124E1C214008EC422 /* InfoPlist.strings */ = {
			isa = PBXVariantGroup;
			children = (
				4E1457A024E1C214008EC422 /* en */,
				4E1457A224E1C217008EC422 /* de */,
			);
			name = InfoPlist.strings;
			sourceTree = "<group>";
		};
		4E90CA72249532EB0029E308 /* Localizable.strings */ = {
			isa = PBXVariantGroup;
			children = (
				4E90CA71249532EB0029E308 /* en */,
				4E90CA73249533080029E308 /* de */,
			);
			name = Localizable.strings;
			sourceTree = "<group>";
		};
		4EFDFF4724952F54001EB7C3 /* LaunchScreen.storyboard */ = {
			isa = PBXVariantGroup;
			children = (
				4EFDFF4824952F54001EB7C3 /* Base */,
			);
			name = LaunchScreen.storyboard;
			sourceTree = "<group>";
		};
/* End PBXVariantGroup section */

/* Begin XCBuildConfiguration section */
		4EFDFF4B24952F54001EB7C3 /* Debug */ = {
			isa = XCBuildConfiguration;
			buildSettings = {
				ALWAYS_SEARCH_USER_PATHS = NO;
				CLANG_ANALYZER_LOCALIZABILITY_NONLOCALIZED = YES;
				CLANG_ANALYZER_NONNULL = YES;
				CLANG_ANALYZER_NUMBER_OBJECT_CONVERSION = YES_AGGRESSIVE;
				CLANG_CXX_LANGUAGE_STANDARD = "gnu++14";
				CLANG_CXX_LIBRARY = "libc++";
				CLANG_ENABLE_MODULES = YES;
				CLANG_ENABLE_OBJC_ARC = YES;
				CLANG_ENABLE_OBJC_WEAK = YES;
				CLANG_WARN_BLOCK_CAPTURE_AUTORELEASING = YES;
				CLANG_WARN_BOOL_CONVERSION = YES;
				CLANG_WARN_COMMA = YES;
				CLANG_WARN_CONSTANT_CONVERSION = YES;
				CLANG_WARN_DEPRECATED_OBJC_IMPLEMENTATIONS = YES;
				CLANG_WARN_DIRECT_OBJC_ISA_USAGE = YES_ERROR;
				CLANG_WARN_DOCUMENTATION_COMMENTS = YES;
				CLANG_WARN_EMPTY_BODY = YES;
				CLANG_WARN_ENUM_CONVERSION = YES;
				CLANG_WARN_INFINITE_RECURSION = YES;
				CLANG_WARN_INT_CONVERSION = YES;
				CLANG_WARN_NON_LITERAL_NULL_CONVERSION = YES;
				CLANG_WARN_OBJC_IMPLICIT_RETAIN_SELF = YES;
				CLANG_WARN_OBJC_LITERAL_CONVERSION = YES;
				CLANG_WARN_OBJC_ROOT_CLASS = YES_ERROR;
				CLANG_WARN_QUOTED_INCLUDE_IN_FRAMEWORK_HEADER = YES;
				CLANG_WARN_RANGE_LOOP_ANALYSIS = YES;
				CLANG_WARN_STRICT_PROTOTYPES = YES;
				CLANG_WARN_SUSPICIOUS_MOVE = YES;
				CLANG_WARN_UNGUARDED_AVAILABILITY = YES_AGGRESSIVE;
				CLANG_WARN_UNREACHABLE_CODE = YES;
				CLANG_WARN__DUPLICATE_METHOD_MATCH = YES;
				COPY_PHASE_STRIP = NO;
				DEBUG_INFORMATION_FORMAT = dwarf;
				ENABLE_STRICT_OBJC_MSGSEND = YES;
				ENABLE_TESTABILITY = YES;
				GCC_C_LANGUAGE_STANDARD = gnu11;
				GCC_DYNAMIC_NO_PIC = NO;
				GCC_NO_COMMON_BLOCKS = YES;
				GCC_OPTIMIZATION_LEVEL = 0;
				GCC_PREPROCESSOR_DEFINITIONS = (
					"DEBUG=1",
					"$(inherited)",
				);
				GCC_WARN_64_TO_32_BIT_CONVERSION = YES;
				GCC_WARN_ABOUT_RETURN_TYPE = YES_ERROR;
				GCC_WARN_UNDECLARED_SELECTOR = YES;
				GCC_WARN_UNINITIALIZED_AUTOS = YES_AGGRESSIVE;
				GCC_WARN_UNUSED_FUNCTION = YES;
				GCC_WARN_UNUSED_VARIABLE = YES;
				IPHONEOS_DEPLOYMENT_TARGET = 13.0;
				MTL_ENABLE_DEBUG_INFO = INCLUDE_SOURCE;
				MTL_FAST_MATH = YES;
				ONLY_ACTIVE_ARCH = YES;
				SDKROOT = iphoneos;
				SWIFT_ACTIVE_COMPILATION_CONDITIONS = DEBUG;
				SWIFT_OPTIMIZATION_LEVEL = "-Onone";
			};
			name = Debug;
		};
		4EFDFF4C24952F54001EB7C3 /* Release */ = {
			isa = XCBuildConfiguration;
			buildSettings = {
				ALWAYS_SEARCH_USER_PATHS = NO;
				CLANG_ANALYZER_LOCALIZABILITY_NONLOCALIZED = YES;
				CLANG_ANALYZER_NONNULL = YES;
				CLANG_ANALYZER_NUMBER_OBJECT_CONVERSION = YES_AGGRESSIVE;
				CLANG_CXX_LANGUAGE_STANDARD = "gnu++14";
				CLANG_CXX_LIBRARY = "libc++";
				CLANG_ENABLE_MODULES = YES;
				CLANG_ENABLE_OBJC_ARC = YES;
				CLANG_ENABLE_OBJC_WEAK = YES;
				CLANG_WARN_BLOCK_CAPTURE_AUTORELEASING = YES;
				CLANG_WARN_BOOL_CONVERSION = YES;
				CLANG_WARN_COMMA = YES;
				CLANG_WARN_CONSTANT_CONVERSION = YES;
				CLANG_WARN_DEPRECATED_OBJC_IMPLEMENTATIONS = YES;
				CLANG_WARN_DIRECT_OBJC_ISA_USAGE = YES_ERROR;
				CLANG_WARN_DOCUMENTATION_COMMENTS = YES;
				CLANG_WARN_EMPTY_BODY = YES;
				CLANG_WARN_ENUM_CONVERSION = YES;
				CLANG_WARN_INFINITE_RECURSION = YES;
				CLANG_WARN_INT_CONVERSION = YES;
				CLANG_WARN_NON_LITERAL_NULL_CONVERSION = YES;
				CLANG_WARN_OBJC_IMPLICIT_RETAIN_SELF = YES;
				CLANG_WARN_OBJC_LITERAL_CONVERSION = YES;
				CLANG_WARN_OBJC_ROOT_CLASS = YES_ERROR;
				CLANG_WARN_QUOTED_INCLUDE_IN_FRAMEWORK_HEADER = YES;
				CLANG_WARN_RANGE_LOOP_ANALYSIS = YES;
				CLANG_WARN_STRICT_PROTOTYPES = YES;
				CLANG_WARN_SUSPICIOUS_MOVE = YES;
				CLANG_WARN_UNGUARDED_AVAILABILITY = YES_AGGRESSIVE;
				CLANG_WARN_UNREACHABLE_CODE = YES;
				CLANG_WARN__DUPLICATE_METHOD_MATCH = YES;
				COPY_PHASE_STRIP = NO;
				DEBUG_INFORMATION_FORMAT = "dwarf-with-dsym";
				ENABLE_NS_ASSERTIONS = NO;
				ENABLE_STRICT_OBJC_MSGSEND = YES;
				GCC_C_LANGUAGE_STANDARD = gnu11;
				GCC_NO_COMMON_BLOCKS = YES;
				GCC_WARN_64_TO_32_BIT_CONVERSION = YES;
				GCC_WARN_ABOUT_RETURN_TYPE = YES_ERROR;
				GCC_WARN_UNDECLARED_SELECTOR = YES;
				GCC_WARN_UNINITIALIZED_AUTOS = YES_AGGRESSIVE;
				GCC_WARN_UNUSED_FUNCTION = YES;
				GCC_WARN_UNUSED_VARIABLE = YES;
				IPHONEOS_DEPLOYMENT_TARGET = 13.0;
				MTL_ENABLE_DEBUG_INFO = NO;
				MTL_FAST_MATH = YES;
				SDKROOT = iphoneos;
				SWIFT_COMPILATION_MODE = wholemodule;
				SWIFT_OPTIMIZATION_LEVEL = "-O";
				VALIDATE_PRODUCT = YES;
			};
			name = Release;
		};
		4EFDFF4E24952F54001EB7C3 /* Debug */ = {
			isa = XCBuildConfiguration;
			buildSettings = {
				ASSETCATALOG_COMPILER_APPICON_NAME = AppIcon;
				CLANG_ENABLE_MODULES = YES;
				CODE_SIGN_STYLE = Automatic;
				CURRENT_PROJECT_VERSION = 20;
				DEVELOPMENT_TEAM = 5UG99476V8;
				FRAMEWORK_SEARCH_PATHS = (
					"$(inherited)",
					"$(PROJECT_DIR)",
				);
				INFOPLIST_FILE = myprivatetrack/Info.plist;
				IPHONEOS_DEPLOYMENT_TARGET = 13.0;
				LD_RUNPATH_SEARCH_PATHS = (
					"$(inherited)",
					"@executable_path/Frameworks",
				);
				MARKETING_VERSION = 2.0;
				PRODUCT_BUNDLE_IDENTIFIER = de.elbe5.myprivatetrack;
				PRODUCT_NAME = "My private track";
				SWIFT_OPTIMIZATION_LEVEL = "-Onone";
				SWIFT_VERSION = 5.0;
				TARGETED_DEVICE_FAMILY = "1,2";
			};
			name = Debug;
		};
		4EFDFF4F24952F54001EB7C3 /* Release */ = {
			isa = XCBuildConfiguration;
			buildSettings = {
				ASSETCATALOG_COMPILER_APPICON_NAME = AppIcon;
				CLANG_ENABLE_MODULES = YES;
				CODE_SIGN_STYLE = Automatic;
				CURRENT_PROJECT_VERSION = 20;
				DEVELOPMENT_TEAM = 5UG99476V8;
				FRAMEWORK_SEARCH_PATHS = (
					"$(inherited)",
					"$(PROJECT_DIR)",
				);
				INFOPLIST_FILE = myprivatetrack/Info.plist;
				IPHONEOS_DEPLOYMENT_TARGET = 13.0;
				LD_RUNPATH_SEARCH_PATHS = (
					"$(inherited)",
					"@executable_path/Frameworks",
				);
				MARKETING_VERSION = 2.0;
				PRODUCT_BUNDLE_IDENTIFIER = de.elbe5.myprivatetrack;
				PRODUCT_NAME = "My private track";
				SWIFT_VERSION = 5.0;
				TARGETED_DEVICE_FAMILY = "1,2";
			};
			name = Release;
		};
/* End XCBuildConfiguration section */

/* Begin XCConfigurationList section */
		4EFDFF2F24952F53001EB7C3 /* Build configuration list for PBXProject "myprivatetrack" */ = {
			isa = XCConfigurationList;
			buildConfigurations = (
				4EFDFF4B24952F54001EB7C3 /* Debug */,
				4EFDFF4C24952F54001EB7C3 /* Release */,
			);
			defaultConfigurationIsVisible = 0;
			defaultConfigurationName = Release;
		};
		4EFDFF4D24952F54001EB7C3 /* Build configuration list for PBXNativeTarget "myprivatetrack" */ = {
			isa = XCConfigurationList;
			buildConfigurations = (
				4EFDFF4E24952F54001EB7C3 /* Debug */,
				4EFDFF4F24952F54001EB7C3 /* Release */,
			);
			defaultConfigurationIsVisible = 0;
			defaultConfigurationName = Release;
		};
/* End XCConfigurationList section */

/* Begin XCRemoteSwiftPackageReference section */
		4E080D822508C2F0006DF6E9 /* XCRemoteSwiftPackageReference "Zip" */ = {
			isa = XCRemoteSwiftPackageReference;
			repositoryURL = "https://github.com/marmelroy/Zip.git";
			requirement = {
				kind = upToNextMajorVersion;
				minimumVersion = 2.0.0;
			};
		};
/* End XCRemoteSwiftPackageReference section */

/* Begin XCSwiftPackageProductDependency section */
		4E080D832508C2F0006DF6E9 /* Zip */ = {
			isa = XCSwiftPackageProductDependency;
			package = 4E080D822508C2F0006DF6E9 /* XCRemoteSwiftPackageReference "Zip" */;
			productName = Zip;
		};
/* End XCSwiftPackageProductDependency section */
	};
	rootObject = 4EFDFF2C24952F53001EB7C3 /* Project object */;
}
